
Microsoft Visual Studio Solution File, Format Version 12.00
# Visual Studio Version 17
VisualStudioVersion = 17.5.33530.505
MinimumVisualStudioVersion = 10.0.40219.1
Project("{FAE04EC0-301F-11D3-BF4B-00C04F79EFBC}") = "kursprjSP2", "kursprjSP2\kursprjSP2.csproj", "{5B6FB944-A116-4AAA-AC4D-21C629F260F2}"
EndProject
Global
	GlobalSection(SolutionConfigurationPlatforms) = preSolution
		Debug|Any CPU = Debug|Any CPU
		Release|Any CPU = Release|Any CPU
	EndGlobalSection
	GlobalSection(ProjectConfigurationPlatforms) = postSolution
		{5B6FB944-A116-4AAA-AC4D-21C629F260F2}.Debug|Any CPU.ActiveCfg = Debug|Any CPU
		{5B6FB944-A116-4AAA-AC4D-21C629F260F2}.Debug|Any CPU.Build.0 = Debug|Any CPU
		{5B6FB944-A116-4AAA-AC4D-21C629F260F2}.Release|Any CPU.ActiveCfg = Release|Any CPU
		{5B6FB944-A116-4AAA-AC4D-21C629F260F2}.Release|Any CPU.Build.0 = Release|Any CPU
	EndGlobalSection
	GlobalSection(SolutionProperties) = preSolution
		HideSolutionNode = FALSE
	EndGlobalSection
	GlobalSection(ExtensibilityGlobals) = postSolution
		SolutionGuid = {52DAB847-35D9-4C62-B93D-3D1CA6A4C1CF}
	EndGlobalSection
EndGlobal
